
Microsoft Visual Studio Solution File, Format Version 12.00
# Visual Studio Version 17
VisualStudioVersion = 17.7.34009.444
MinimumVisualStudioVersion = 10.0.40219.1
Project("{FAE04EC0-301F-11D3-BF4B-00C04F79EFBC}") = "RestWithASPNETUdemy", "RestWithASPNETUdemy\RestWithASPNETUdemy.csproj", "{0E88BE17-91BA-4CF8-8BD3-4845FA3E1FAF}"
EndProject
Global
	GlobalSection(SolutionConfigurationPlatforms) = preSolution
		Debug|Any CPU = Debug|Any CPU
		Release|Any CPU = Release|Any CPU
	EndGlobalSection
	GlobalSection(ProjectConfigurationPlatforms) = postSolution
		{0E88BE17-91BA-4CF8-8BD3-4845FA3E1FAF}.Debug|Any CPU.ActiveCfg = Debug|Any CPU
		{0E88BE17-91BA-4CF8-8BD3-4845FA3E1FAF}.Debug|Any CPU.Build.0 = Debug|Any CPU
		{0E88BE17-91BA-4CF8-8BD3-4845FA3E1FAF}.Release|Any CPU.ActiveCfg = Release|Any CPU
		{0E88BE17-91BA-4CF8-8BD3-4845FA3E1FAF}.Release|Any CPU.Build.0 = Release|Any CPU
	EndGlobalSection
	GlobalSection(SolutionProperties) = preSolution
		HideSolutionNode = FALSE
	EndGlobalSection
	GlobalSection(ExtensibilityGlobals) = postSolution
		SolutionGuid = {FAB9D9B1-764B-492C-B72F-053A20359E59}
	EndGlobalSection
EndGlobal
